// !$*UTF8*$!
{
	archiveVersion = 1;
	classes = {
	};
	objectVersion = 50;
	objects = {

/* Begin PBXBuildFile section */
		89BD3BDF23D58729000F764E /* AppDelegate.swift in Sources */ = {isa = PBXBuildFile; fileRef = 89BD3BDE23D58729000F764E /* AppDelegate.swift */; };
		89BD3BE123D58729000F764E /* SceneDelegate.swift in Sources */ = {isa = PBXBuildFile; fileRef = 89BD3BE023D58729000F764E /* SceneDelegate.swift */; };
		89BD3BE323D58729000F764E /* ContentView.swift in Sources */ = {isa = PBXBuildFile; fileRef = 89BD3BE223D58729000F764E /* ContentView.swift */; };
		89BD3BE523D5872A000F764E /* Assets.xcassets in Resources */ = {isa = PBXBuildFile; fileRef = 89BD3BE423D5872A000F764E /* Assets.xcassets */; };
		89BD3BE823D5872A000F764E /* Preview Assets.xcassets in Resources */ = {isa = PBXBuildFile; fileRef = 89BD3BE723D5872A000F764E /* Preview Assets.xcassets */; };
		89BD3BEB23D5872A000F764E /* LaunchScreen.storyboard in Resources */ = {isa = PBXBuildFile; fileRef = 89BD3BE923D5872A000F764E /* LaunchScreen.storyboard */; };
		89BD3BF323D58B5C000F764E /* WebView.swift in Sources */ = {isa = PBXBuildFile; fileRef = 89BD3BF223D58B5C000F764E /* WebView.swift */; };
/* End PBXBuildFile section */

/* Begin PBXFileReference section */
		89BD3BDB23D58729000F764E /* WebViewVideoPlayer.app */ = {isa = PBXFileReference; explicitFileType = wrapper.application; includeInIndex = 0; path = WebViewVideoPlayer.app; sourceTree = BUILT_PRODUCTS_DIR; };
		89BD3BDE23D58729000F764E /* AppDelegate.swift */ = {isa = PBXFileReference; lastKnownFileType = sourcecode.swift; path = AppDelegate.swift; sourceTree = "<group>"; };
		89BD3BE023D58729000F764E /* SceneDelegate.swift */ = {isa = PBXFileReference; lastKnownFileType = sourcecode.swift; path = SceneDelegate.swift; sourceTree = "<group>"; };
		89BD3BE223D58729000F764E /* ContentView.swift */ = {isa = PBXFileReference; lastKnownFileType = sourcecode.swift; path = ContentView.swift; sourceTree = "<group>"; };
		89BD3BE423D5872A000F764E /* Assets.xcassets */ = {isa = PBXFileReference; lastKnownFileType = folder.assetcatalog; path = Assets.xcassets; sourceTree = "<group>"; };
		89BD3BE723D5872A000F764E /* Preview Assets.xcassets */ = {isa = PBXFileReference; lastKnownFileType = folder.assetcatalog; path = "Preview Assets.xcassets"; sourceTree = "<group>"; };
		89BD3BEA23D5872A000F764E /* Base */ = {isa = PBXFileReference; lastKnownFileType = file.storyboard; name = Base; path = Base.lproj/LaunchScreen.storyboard; sourceTree = "<group>"; };
		89BD3BEC23D5872A000F764E /* Info.plist */ = {isa = PBXFileReference; lastKnownFileType = text.plist.xml; path = Info.plist; sourceTree = "<group>"; };
		89BD3BF223D58B5C000F764E /* WebView.swift */ = {isa = PBXFileReference; lastKnownFileType = sourcecode.swift; path = WebView.swift; sourceTree = "<group>"; };
/* End PBXFileReference section */

/* Begin PBXFrameworksBuildPhase section */
		89BD3BD823D58729000F764E /* Frameworks */ = {
			isa = PBXFrameworksBuildPhase;
			buildActionMask = 2147483647;
			files = (
			);
			runOnlyForDeploymentPostprocessing = 0;
		};
/* End PBXFrameworksBuildPhase section */

/* Begin PBXGroup section */
		89BD3BD223D58729000F764E = {
			isa = PBXGroup;
			children = (
				89BD3BDD23D58729000F764E /* WebViewVideoPlayer */,
				89BD3BDC23D58729000F764E /* Products */,
			);
			sourceTree = "<group>";
		};
		89BD3BDC23D58729000F764E /* Products */ = {
			isa = PBXGroup;
			children = (
				89BD3BDB23D58729000F764E /* WebViewVideoPlayer.app */,
			);
			name = Products;
			sourceTree = "<group>";
		};
		89BD3BDD23D58729000F764E /* WebViewVideoPlayer */ = {
			isa = PBXGroup;
			children = (
				89BD3BDE23D58729000F764E /* AppDelegate.swift */,
				89BD3BE023D58729000F764E /* SceneDelegate.swift */,
				89BD3BE223D58729000F764E /* ContentView.swift */,
				89BD3BE423D5872A000F764E /* Assets.xcassets */,
				89BD3BE923D5872A000F764E /* LaunchScreen.storyboard */,
				89BD3BEC23D5872A000F764E /* Info.plist */,
				89BD3BE623D5872A000F764E /* Preview Content */,
				89BD3BF223D58B5C000F764E /* WebView.swift */,
			);
			path = WebViewVideoPlayer;
			sourceTree = "<group>";
		};
		89BD3BE623D5872A000F764E /* Preview Content */ = {
			isa = PBXGroup;
			children = (
				89BD3BE723D5872A000F764E /* Preview Assets.xcassets */,
			);
			path = "Preview Content";
			sourceTree = "<group>";
		};
/* End PBXGroup section */

/* Begin PBXNativeTarget section */
		89BD3BDA23D58729000F764E /* WebViewVideoPlayer */ = {
			isa = PBXNativeTarget;
			buildConfigurationList = 89BD3BEF23D5872A000F764E /* Build configuration list for PBXNativeTarget "WebViewVideoPlayer" */;
			buildPhases = (
				89BD3BD723D58729000F764E /* Sources */,
				89BD3BD823D58729000F764E /* Frameworks */,
				89BD3BD923D58729000F764E /* Resources */,
			);
			buildRules = (
			);
			dependencies = (
			);
			name = WebViewVideoPlayer;
			productName = WebViewVideoPlayer;
			productReference = 89BD3BDB23D58729000F764E /* WebViewVideoPlayer.app */;
			productType = "com.apple.product-type.application";
		};
/* End PBXNativeTarget section */

/* Begin PBXProject section */
		89BD3BD323D58729000F764E /* Project object */ = {
			isa = PBXProject;
			attributes = {
				LastSwiftUpdateCheck = 1130;
				LastUpgradeCheck = 1130;
				ORGANIZATIONNAME = DutchVirtual;
				TargetAttributes = {
					89BD3BDA23D58729000F764E = {
						CreatedOnToolsVersion = 11.3.1;
					};
				};
			};
			buildConfigurationList = 89BD3BD623D58729000F764E /* Build configuration list for PBXProject "WebViewVideoPlayer" */;
			compatibilityVersion = "Xcode 9.3";
			developmentRegion = en;
			hasScannedForEncodings = 0;
			knownRegions = (
				en,
				Base,
			);
			mainGroup = 89BD3BD223D58729000F764E;
			productRefGroup = 89BD3BDC23D58729000F764E /* Products */;
			projectDirPath = "";
			projectRoot = "";
			targets = (
				89BD3BDA23D58729000F764E /* WebViewVideoPlayer */,
			);
		};
/* End PBXProject section */

/* Begin PBXResourcesBuildPhase section */
		89BD3BD923D58729000F764E /* Resources */ = {
			isa = PBXResourcesBuildPhase;
			buildActionMask = 2147483647;
			files = (
				89BD3BEB23D5872A000F764E /* LaunchScreen.storyboard in Resources */,
				89BD3BE823D5872A000F764E /* Preview Assets.xcassets in Resources */,
				89BD3BE523D5872A000F764E /* Assets.xcassets in Resources */,
			);
			runOnlyForDeploymentPostprocessing = 0;
		};
/* End PBXResourcesBuildPhase section */

/* Begin PBXSourcesBuildPhase section */
		89BD3BD723D58729000F764E /* Sources */ = {
			isa = PBXSourcesBuildPhase;
			buildActionMask = 2147483647;
			files = (
				89BD3BDF23D58729000F764E /* AppDelegate.swift in Sources */,
				89BD3BF323D58B5C000F764E /* WebView.swift in Sources */,
				89BD3BE123D58729000F764E /* SceneDelegate.swift in Sources */,
				89BD3BE323D58729000F764E /* ContentView.swift in Sources */,
			);
			runOnlyForDeploymentPostprocessing = 0;
		};
/* End PBXSourcesBuildPhase section */

/* Begin PBXVariantGroup section */
		89BD3BE923D5872A000F764E /* LaunchScreen.storyboard */ = {
			isa = PBXVariantGroup;
			children = (
				89BD3BEA23D5872A000F764E /* Base */,
			);
			name = LaunchScreen.storyboard;
			sourceTree = "<group>";
		};
/* End PBXVariantGroup section */

/* Begin XCBuildConfiguration section */
		89BD3BED23D5872A000F764E /* Debug */ = {
			isa = XCBuildConfiguration;
			buildSettings = {
				ALWAYS_SEARCH_USER_PATHS = NO;
				CLANG_ANALYZER_NONNULL = YES;
				CLANG_ANALYZER_NUMBER_OBJECT_CONVERSION = YES_AGGRESSIVE;
				CLANG_CXX_LANGUAGE_STANDARD = "gnu++14";
				CLANG_CXX_LIBRARY = "libc++";
				CLANG_ENABLE_MODULES = YES;
				CLANG_ENABLE_OBJC_ARC = YES;
				CLANG_ENABLE_OBJC_WEAK = YES;
				CLANG_WARN_BLOCK_CAPTURE_AUTORELEASING = YES;
				CLANG_WARN_BOOL_CONVERSION = YES;
				CLANG_WARN_COMMA = YES;
				CLANG_WARN_CONSTANT_CONVERSION = YES;
				CLANG_WARN_DEPRECATED_OBJC_IMPLEMENTATIONS = YES;
				CLANG_WARN_DIRECT_OBJC_ISA_USAGE = YES_ERROR;
				CLANG_WARN_DOCUMENTATION_COMMENTS = YES;
				CLANG_WARN_EMPTY_BODY = YES;
				CLANG_WARN_ENUM_CONVERSION = YES;
				CLANG_WARN_INFINITE_RECURSION = YES;
				CLANG_WARN_INT_CONVERSION = YES;
				CLANG_WARN_NON_LITERAL_NULL_CONVERSION = YES;
				CLANG_WARN_OBJC_IMPLICIT_RETAIN_SELF = YES;
				CLANG_WARN_OBJC_LITERAL_CONVERSION = YES;
				CLANG_WARN_OBJC_ROOT_CLASS = YES_ERROR;
				CLANG_WARN_RANGE_LOOP_ANALYSIS = YES;
				CLANG_WARN_STRICT_PROTOTYPES = YES;
				CLANG_WARN_SUSPICIOUS_MOVE = YES;
				CLANG_WARN_UNGUARDED_AVAILABILITY = YES_AGGRESSIVE;
				CLANG_WARN_UNREACHABLE_CODE = YES;
				CLANG_WARN__DUPLICATE_METHOD_MATCH = YES;
				COPY_PHASE_STRIP = NO;
				DEBUG_INFORMATION_FORMAT = dwarf;
				ENABLE_STRICT_OBJC_MSGSEND = YES;
				ENABLE_TESTABILITY = YES;
				GCC_C_LANGUAGE_STANDARD = gnu11;
				GCC_DYNAMIC_NO_PIC = NO;
				GCC_NO_COMMON_BLOCKS = YES;
				GCC_OPTIMIZATION_LEVEL = 0;
				GCC_PREPROCESSOR_DEFINITIONS = (
					"DEBUG=1",
					"$(inherited)",
				);
				GCC_WARN_64_TO_32_BIT_CONVERSION = YES;
				GCC_WARN_ABOUT_RETURN_TYPE = YES_ERROR;
				GCC_WARN_UNDECLARED_SELECTOR = YES;
				GCC_WARN_UNINITIALIZED_AUTOS = YES_AGGRESSIVE;
				GCC_WARN_UNUSED_FUNCTION = YES;
				GCC_WARN_UNUSED_VARIABLE = YES;
				IPHONEOS_DEPLOYMENT_TARGET = 13.2;
				MTL_ENABLE_DEBUG_INFO = INCLUDE_SOURCE;
				MTL_FAST_MATH = YES;
				ONLY_ACTIVE_ARCH = YES;
				SDKROOT = iphoneos;
				SWIFT_ACTIVE_COMPILATION_CONDITIONS = DEBUG;
				SWIFT_OPTIMIZATION_LEVEL = "-Onone";
			};
			name = Debug;
		};
		89BD3BEE23D5872A000F764E /* Release */ = {
			isa = XCBuildConfiguration;
			buildSettings = {
				ALWAYS_SEARCH_USER_PATHS = NO;
				CLANG_ANALYZER_NONNULL = YES;
				CLANG_ANALYZER_NUMBER_OBJECT_CONVERSION = YES_AGGRESSIVE;
				CLANG_CXX_LANGUAGE_STANDARD = "gnu++14";
				CLANG_CXX_LIBRARY = "libc++";
				CLANG_ENABLE_MODULES = YES;
				CLANG_ENABLE_OBJC_ARC = YES;
				CLANG_ENABLE_OBJC_WEAK = YES;
				CLANG_WARN_BLOCK_CAPTURE_AUTORELEASING = YES;
				CLANG_WARN_BOOL_CONVERSION = YES;
				CLANG_WARN_COMMA = YES;
				CLANG_WARN_CONSTANT_CONVERSION = YES;
				CLANG_WARN_DEPRECATED_OBJC_IMPLEMENTATIONS = YES;
				CLANG_WARN_DIRECT_OBJC_ISA_USAGE = YES_ERROR;
				CLANG_WARN_DOCUMENTATION_COMMENTS = YES;
				CLANG_WARN_EMPTY_BODY = YES;
				CLANG_WARN_ENUM_CONVERSION = YES;
				CLANG_WARN_INFINITE_RECURSION = YES;
				CLANG_WARN_INT_CONVERSION = YES;
				CLANG_WARN_NON_LITERAL_NULL_CONVERSION = YES;
				CLANG_WARN_OBJC_IMPLICIT_RETAIN_SELF = YES;
				CLANG_WARN_OBJC_LITERAL_CONVERSION = YES;
				CLANG_WARN_OBJC_ROOT_CLASS = YES_ERROR;
				CLANG_WARN_RANGE_LOOP_ANALYSIS = YES;
				CLANG_WARN_STRICT_PROTOTYPES = YES;
				CLANG_WARN_SUSPICIOUS_MOVE = YES;
				CLANG_WARN_UNGUARDED_AVAILABILITY = YES_AGGRESSIVE;
				CLANG_WARN_UNREACHABLE_CODE = YES;
				CLANG_WARN__DUPLICATE_METHOD_MATCH = YES;
				COPY_PHASE_STRIP = NO;
				DEBUG_INFORMATION_FORMAT = "dwarf-with-dsym";
				ENABLE_NS_ASSERTIONS = NO;
				ENABLE_STRICT_OBJC_MSGSEND = YES;
				GCC_C_LANGUAGE_STANDARD = gnu11;
				GCC_NO_COMMON_BLOCKS = YES;
				GCC_WARN_64_TO_32_BIT_CONVERSION = YES;
				GCC_WARN_ABOUT_RETURN_TYPE = YES_ERROR;
				GCC_WARN_UNDECLARED_SELECTOR = YES;
				GCC_WARN_UNINITIALIZED_AUTOS = YES_AGGRESSIVE;
				GCC_WARN_UNUSED_FUNCTION = YES;
				GCC_WARN_UNUSED_VARIABLE = YES;
				IPHONEOS_DEPLOYMENT_TARGET = 13.2;
				MTL_ENABLE_DEBUG_INFO = NO;
				MTL_FAST_MATH = YES;
				SDKROOT = iphoneos;
				SWIFT_COMPILATION_MODE = wholemodule;
				SWIFT_OPTIMIZATION_LEVEL = "-O";
				VALIDATE_PRODUCT = YES;
			};
			name = Release;
		};
		89BD3BF023D5872A000F764E /* Debug */ = {
			isa = XCBuildConfiguration;
			buildSettings = {
				ASSETCATALOG_COMPILER_APPICON_NAME = AppIcon;
				CODE_SIGN_STYLE = Automatic;
				DEVELOPMENT_ASSET_PATHS = "\"WebViewVideoPlayer/Preview Content\"";
				DEVELOPMENT_TEAM = MH8GQLL8BR;
				ENABLE_PREVIEWS = YES;
				INFOPLIST_FILE = WebViewVideoPlayer/Info.plist;
				LD_RUNPATH_SEARCH_PATHS = (
					"$(inherited)",
					"@executable_path/Frameworks",
				);
				PRODUCT_BUNDLE_IDENTIFIER = nl.dutchvirtual.WebViewVideoPlayer;
				PRODUCT_NAME = "$(TARGET_NAME)";
				SWIFT_VERSION = 5.0;
				TARGETED_DEVICE_FAMILY = "1,2";
			};
			name = Debug;
		};
		89BD3BF123D5872A000F764E /* Release */ = {
			isa = XCBuildConfiguration;
			buildSettings = {
				ASSETCATALOG_COMPILER_APPICON_NAME = AppIcon;
				CODE_SIGN_STYLE = Automatic;
				DEVELOPMENT_ASSET_PATHS = "\"WebViewVideoPlayer/Preview Content\"";
				DEVELOPMENT_TEAM = MH8GQLL8BR;
				ENABLE_PREVIEWS = YES;
				INFOPLIST_FILE = WebViewVideoPlayer/Info.plist;
				LD_RUNPATH_SEARCH_PATHS = (
					"$(inherited)",
					"@executable_path/Frameworks",
				);
				PRODUCT_BUNDLE_IDENTIFIER = nl.dutchvirtual.WebViewVideoPlayer;
				PRODUCT_NAME = "$(TARGET_NAME)";
				SWIFT_VERSION = 5.0;
				TARGETED_DEVICE_FAMILY = "1,2";
			};
			name = Release;
		};
/* End XCBuildConfiguration section */

/* Begin XCConfigurationList section */
		89BD3BD623D58729000F764E /* Build configuration list for PBXProject "WebViewVideoPlayer" */ = {
			isa = XCConfigurationList;
			buildConfigurations = (
				89BD3BED23D5872A000F764E /* Debug */,
				89BD3BEE23D5872A000F764E /* Release */,
			);
			defaultConfigurationIsVisible = 0;
			defaultConfigurationName = Release;
		};
		89BD3BEF23D5872A000F764E /* Build configuration list for PBXNativeTarget "WebViewVideoPlayer" */ = {
			isa = XCConfigurationList;
			buildConfigurations = (
				89BD3BF023D5872A000F764E /* Debug */,
				89BD3BF123D5872A000F764E /* Release */,
			);
			defaultConfigurationIsVisible = 0;
			defaultConfigurationName = Release;
		};
/* End XCConfigurationList section */
	};
	rootObject = 89BD3BD323D58729000F764E /* Project object */;
}
